// !$*UTF8*$!
{
	archiveVersion = 1;
	classes = {
	};
	objectVersion = 46;
	objects = {

/* Begin PBXBuildFile section */
		094284339BD3280B586A90D6 /* Pods_RACDemo.framework in Frameworks */ = {isa = PBXBuildFile; fileRef = 1A09419F789B40A1D6855A31 /* Pods_RACDemo.framework */; };
		2F43DD411DF95EE40062A3BC /* HKTableView.m in Sources */ = {isa = PBXBuildFile; fileRef = 2F43DD401DF95EE30062A3BC /* HKTableView.m */; };
		2FF046CB1DDAEBA7009CCCEB /* main.m in Sources */ = {isa = PBXBuildFile; fileRef = 2FF046CA1DDAEBA7009CCCEB /* main.m */; };
		2FF046CE1DDAEBA7009CCCEB /* AppDelegate.m in Sources */ = {isa = PBXBuildFile; fileRef = 2FF046CD1DDAEBA7009CCCEB /* AppDelegate.m */; };
		2FF046D11DDAEBA7009CCCEB /* ViewController.m in Sources */ = {isa = PBXBuildFile; fileRef = 2FF046D01DDAEBA7009CCCEB /* ViewController.m */; };
		2FF046D41DDAEBA7009CCCEB /* Main.storyboard in Resources */ = {isa = PBXBuildFile; fileRef = 2FF046D21DDAEBA7009CCCEB /* Main.storyboard */; };
		2FF046D61DDAEBA7009CCCEB /* Assets.xcassets in Resources */ = {isa = PBXBuildFile; fileRef = 2FF046D51DDAEBA7009CCCEB /* Assets.xcassets */; };
		2FF046D91DDAEBA7009CCCEB /* LaunchScreen.storyboard in Resources */ = {isa = PBXBuildFile; fileRef = 2FF046D71DDAEBA7009CCCEB /* LaunchScreen.storyboard */; };
		2FF046E41DDAEBA7009CCCEB /* RACDemoTests.m in Sources */ = {isa = PBXBuildFile; fileRef = 2FF046E31DDAEBA7009CCCEB /* RACDemoTests.m */; };
		2FF046EF1DDAEBA7009CCCEB /* RACDemoUITests.m in Sources */ = {isa = PBXBuildFile; fileRef = 2FF046EE1DDAEBA7009CCCEB /* RACDemoUITests.m */; };
		2FF046FE1DDC4291009CCCEB /* TwoViewController.m in Sources */ = {isa = PBXBuildFile; fileRef = 2FF046FD1DDC4291009CCCEB /* TwoViewController.m */; };
/* End PBXBuildFile section */

/* Begin PBXContainerItemProxy section */
		2FF046E01DDAEBA7009CCCEB /* PBXContainerItemProxy */ = {
			isa = PBXContainerItemProxy;
			containerPortal = 2FF046BE1DDAEBA7009CCCEB /* Project object */;
			proxyType = 1;
			remoteGlobalIDString = 2FF046C51DDAEBA7009CCCEB;
			remoteInfo = RACDemo;
		};
		2FF046EB1DDAEBA7009CCCEB /* PBXContainerItemProxy */ = {
			isa = PBXContainerItemProxy;
			containerPortal = 2FF046BE1DDAEBA7009CCCEB /* Project object */;
			proxyType = 1;
			remoteGlobalIDString = 2FF046C51DDAEBA7009CCCEB;
			remoteInfo = RACDemo;
		};
/* End PBXContainerItemProxy section */

/* Begin PBXFileReference section */
		1A09419F789B40A1D6855A31 /* Pods_RACDemo.framework */ = {isa = PBXFileReference; explicitFileType = wrapper.framework; includeInIndex = 0; path = Pods_RACDemo.framework; sourceTree = BUILT_PRODUCTS_DIR; };
		2F43DD3F1DF95EE30062A3BC /* HKTableView.h */ = {isa = PBXFileReference; fileEncoding = 4; lastKnownFileType = sourcecode.c.h; path = HKTableView.h; sourceTree = "<group>"; };
		2F43DD401DF95EE30062A3BC /* HKTableView.m */ = {isa = PBXFileReference; fileEncoding = 4; lastKnownFileType = sourcecode.c.objc; path = HKTableView.m; sourceTree = "<group>"; };
		2FF046C61DDAEBA7009CCCEB /* RACDemo.app */ = {isa = PBXFileReference; explicitFileType = wrapper.application; includeInIndex = 0; path = RACDemo.app; sourceTree = BUILT_PRODUCTS_DIR; };
		2FF046CA1DDAEBA7009CCCEB /* main.m */ = {isa = PBXFileReference; lastKnownFileType = sourcecode.c.objc; path = main.m; sourceTree = "<group>"; };
		2FF046CC1DDAEBA7009CCCEB /* AppDelegate.h */ = {isa = PBXFileReference; lastKnownFileType = sourcecode.c.h; path = AppDelegate.h; sourceTree = "<group>"; };
		2FF046CD1DDAEBA7009CCCEB /* AppDelegate.m */ = {isa = PBXFileReference; lastKnownFileType = sourcecode.c.objc; path = AppDelegate.m; sourceTree = "<group>"; };
		2FF046CF1DDAEBA7009CCCEB /* ViewController.h */ = {isa = PBXFileReference; lastKnownFileType = sourcecode.c.h; path = ViewController.h; sourceTree = "<group>"; };
		2FF046D01DDAEBA7009CCCEB /* ViewController.m */ = {isa = PBXFileReference; lastKnownFileType = sourcecode.c.objc; path = ViewController.m; sourceTree = "<group>"; };
		2FF046D31DDAEBA7009CCCEB /* Base */ = {isa = PBXFileReference; lastKnownFileType = file.storyboard; name = Base; path = Base.lproj/Main.storyboard; sourceTree = "<group>"; };
		2FF046D51DDAEBA7009CCCEB /* Assets.xcassets */ = {isa = PBXFileReference; lastKnownFileType = folder.assetcatalog; path = Assets.xcassets; sourceTree = "<group>"; };
		2FF046D81DDAEBA7009CCCEB /* Base */ = {isa = PBXFileReference; lastKnownFileType = file.storyboard; name = Base; path = Base.lproj/LaunchScreen.storyboard; sourceTree = "<group>"; };
		2FF046DA1DDAEBA7009CCCEB /* Info.plist */ = {isa = PBXFileReference; lastKnownFileType = text.plist.xml; path = Info.plist; sourceTree = "<group>"; };
		2FF046DF1DDAEBA7009CCCEB /* RACDemoTests.xctest */ = {isa = PBXFileReference; explicitFileType = wrapper.cfbundle; includeInIndex = 0; path = RACDemoTests.xctest; sourceTree = BUILT_PRODUCTS_DIR; };
		2FF046E31DDAEBA7009CCCEB /* RACDemoTests.m */ = {isa = PBXFileReference; lastKnownFileType = sourcecode.c.objc; path = RACDemoTests.m; sourceTree = "<group>"; };
		2FF046E51DDAEBA7009CCCEB /* Info.plist */ = {isa = PBXFileReference; lastKnownFileType = text.plist.xml; path = Info.plist; sourceTree = "<group>"; };
		2FF046EA1DDAEBA7009CCCEB /* RACDemoUITests.xctest */ = {isa = PBXFileReference; explicitFileType = wrapper.cfbundle; includeInIndex = 0; path = RACDemoUITests.xctest; sourceTree = BUILT_PRODUCTS_DIR; };
		2FF046EE1DDAEBA7009CCCEB /* RACDemoUITests.m */ = {isa = PBXFileReference; lastKnownFileType = sourcecode.c.objc; path = RACDemoUITests.m; sourceTree = "<group>"; };
		2FF046F01DDAEBA7009CCCEB /* Info.plist */ = {isa = PBXFileReference; lastKnownFileType = text.plist.xml; path = Info.plist; sourceTree = "<group>"; };
		2FF046FC1DDC4291009CCCEB /* TwoViewController.h */ = {isa = PBXFileReference; fileEncoding = 4; lastKnownFileType = sourcecode.c.h; path = TwoViewController.h; sourceTree = "<group>"; };
		2FF046FD1DDC4291009CCCEB /* TwoViewController.m */ = {isa = PBXFileReference; fileEncoding = 4; lastKnownFileType = sourcecode.c.objc; path = TwoViewController.m; sourceTree = "<group>"; };
		728ACFC534205AE29FAC3121 /* Pods-RACDemo.release.xcconfig */ = {isa = PBXFileReference; includeInIndex = 1; lastKnownFileType = text.xcconfig; name = "Pods-RACDemo.release.xcconfig"; path = "Pods/Target Support Files/Pods-RACDemo/Pods-RACDemo.release.xcconfig"; sourceTree = "<group>"; };
		BFAE4FC361482A2E578EBBC8 /* Pods-RACDemo.debug.xcconfig */ = {isa = PBXFileReference; includeInIndex = 1; lastKnownFileType = text.xcconfig; name = "Pods-RACDemo.debug.xcconfig"; path = "Pods/Target Support Files/Pods-RACDemo/Pods-RACDemo.debug.xcconfig"; sourceTree = "<group>"; };
/* End PBXFileReference section */

/* Begin PBXFrameworksBuildPhase section */
		2FF046C31DDAEBA7009CCCEB /* Frameworks */ = {
			isa = PBXFrameworksBuildPhase;
			buildActionMask = 2147483647;
			files = (
				094284339BD3280B586A90D6 /* Pods_RACDemo.framework in Frameworks */,
			);
			runOnlyForDeploymentPostprocessing = 0;
		};
		2FF046DC1DDAEBA7009CCCEB /* Frameworks */ = {
			isa = PBXFrameworksBuildPhase;
			buildActionMask = 2147483647;
			files = (
			);
			runOnlyForDeploymentPostprocessing = 0;
		};
		2FF046E71DDAEBA7009CCCEB /* Frameworks */ = {
			isa = PBXFrameworksBuildPhase;
			buildActionMask = 2147483647;
			files = (
			);
			runOnlyForDeploymentPostprocessing = 0;
		};
/* End PBXFrameworksBuildPhase section */

/* Begin PBXGroup section */
		2FF046BD1DDAEBA7009CCCEB = {
			isa = PBXGroup;
			children = (
				2FF046C81DDAEBA7009CCCEB /* RACDemo */,
				2FF046E21DDAEBA7009CCCEB /* RACDemoTests */,
				2FF046ED1DDAEBA7009CCCEB /* RACDemoUITests */,
				2FF046C71DDAEBA7009CCCEB /* Products */,
				33B53C314ECA998F37A9749B /* Pods */,
				BE7C9EEBA912C63888C1BD4F /* Frameworks */,
			);
			sourceTree = "<group>";
		};
		2FF046C71DDAEBA7009CCCEB /* Products */ = {
			isa = PBXGroup;
			children = (
				2FF046C61DDAEBA7009CCCEB /* RACDemo.app */,
				2FF046DF1DDAEBA7009CCCEB /* RACDemoTests.xctest */,
				2FF046EA1DDAEBA7009CCCEB /* RACDemoUITests.xctest */,
			);
			name = Products;
			sourceTree = "<group>";
		};
		2FF046C81DDAEBA7009CCCEB /* RACDemo */ = {
			isa = PBXGroup;
			children = (
				2FF046CC1DDAEBA7009CCCEB /* AppDelegate.h */,
				2FF046CD1DDAEBA7009CCCEB /* AppDelegate.m */,
				2FF046CF1DDAEBA7009CCCEB /* ViewController.h */,
				2FF046D01DDAEBA7009CCCEB /* ViewController.m */,
				2F43DD3F1DF95EE30062A3BC /* HKTableView.h */,
				2F43DD401DF95EE30062A3BC /* HKTableView.m */,
				2FF046FC1DDC4291009CCCEB /* TwoViewController.h */,
				2FF046FD1DDC4291009CCCEB /* TwoViewController.m */,
				2FF046D21DDAEBA7009CCCEB /* Main.storyboard */,
				2FF046D51DDAEBA7009CCCEB /* Assets.xcassets */,
				2FF046D71DDAEBA7009CCCEB /* LaunchScreen.storyboard */,
				2FF046DA1DDAEBA7009CCCEB /* Info.plist */,
				2FF046C91DDAEBA7009CCCEB /* Supporting Files */,
			);
			path = RACDemo;
			sourceTree = "<group>";
		};
		2FF046C91DDAEBA7009CCCEB /* Supporting Files */ = {
			isa = PBXGroup;
			children = (
				2FF046CA1DDAEBA7009CCCEB /* main.m */,
			);
			name = "Supporting Files";
			sourceTree = "<group>";
		};
		2FF046E21DDAEBA7009CCCEB /* RACDemoTests */ = {
			isa = PBXGroup;
			children = (
				2FF046E31DDAEBA7009CCCEB /* RACDemoTests.m */,
				2FF046E51DDAEBA7009CCCEB /* Info.plist */,
			);
			path = RACDemoTests;
			sourceTree = "<group>";
		};
		2FF046ED1DDAEBA7009CCCEB /* RACDemoUITests */ = {
			isa = PBXGroup;
			children = (
				2FF046EE1DDAEBA7009CCCEB /* RACDemoUITests.m */,
				2FF046F01DDAEBA7009CCCEB /* Info.plist */,
			);
			path = RACDemoUITests;
			sourceTree = "<group>";
		};
		33B53C314ECA998F37A9749B /* Pods */ = {
			isa = PBXGroup;
			children = (
				BFAE4FC361482A2E578EBBC8 /* Pods-RACDemo.debug.xcconfig */,
				728ACFC534205AE29FAC3121 /* Pods-RACDemo.release.xcconfig */,
			);
			name = Pods;
			sourceTree = "<group>";
		};
		BE7C9EEBA912C63888C1BD4F /* Frameworks */ = {
			isa = PBXGroup;
			children = (
				1A09419F789B40A1D6855A31 /* Pods_RACDemo.framework */,
			);
			name = Frameworks;
			sourceTree = "<group>";
		};
/* End PBXGroup section */

/* Begin PBXNativeTarget section */
		2FF046C51DDAEBA7009CCCEB /* RACDemo */ = {
			isa = PBXNativeTarget;
			buildConfigurationList = 2FF046F31DDAEBA7009CCCEB /* Build configuration list for PBXNativeTarget "RACDemo" */;
			buildPhases = (
				B1B39BE4A344E99757248348 /* [CP] Check Pods Manifest.lock */,
				2FF046C21DDAEBA7009CCCEB /* Sources */,
				2FF046C31DDAEBA7009CCCEB /* Frameworks */,
				2FF046C41DDAEBA7009CCCEB /* Resources */,
				5C2477DC8F3EDD9721A7CAB2 /* [CP] Embed Pods Frameworks */,
				447727D575CEB20C1016253B /* [CP] Copy Pods Resources */,
			);
			buildRules = (
			);
			dependencies = (
			);
			name = RACDemo;
			productName = RACDemo;
			productReference = 2FF046C61DDAEBA7009CCCEB /* RACDemo.app */;
			productType = "com.apple.product-type.application";
		};
		2FF046DE1DDAEBA7009CCCEB /* RACDemoTests */ = {
			isa = PBXNativeTarget;
			buildConfigurationList = 2FF046F61DDAEBA7009CCCEB /* Build configuration list for PBXNativeTarget "RACDemoTests" */;
			buildPhases = (
				2FF046DB1DDAEBA7009CCCEB /* Sources */,
				2FF046DC1DDAEBA7009CCCEB /* Frameworks */,
				2FF046DD1DDAEBA7009CCCEB /* Resources */,
			);
			buildRules = (
			);
			dependencies = (
				2FF046E11DDAEBA7009CCCEB /* PBXTargetDependency */,
			);
			name = RACDemoTests;
			productName = RACDemoTests;
			productReference = 2FF046DF1DDAEBA7009CCCEB /* RACDemoTests.xctest */;
			productType = "com.apple.product-type.bundle.unit-test";
		};
		2FF046E91DDAEBA7009CCCEB /* RACDemoUITests */ = {
			isa = PBXNativeTarget;
			buildConfigurationList = 2FF046F91DDAEBA7009CCCEB /* Build configuration list for PBXNativeTarget "RACDemoUITests" */;
			buildPhases = (
				2FF046E61DDAEBA7009CCCEB /* Sources */,
				2FF046E71DDAEBA7009CCCEB /* Frameworks */,
				2FF046E81DDAEBA7009CCCEB /* Resources */,
			);
			buildRules = (
			);
			dependencies = (
				2FF046EC1DDAEBA7009CCCEB /* PBXTargetDependency */,
			);
			name = RACDemoUITests;
			productName = RACDemoUITests;
			productReference = 2FF046EA1DDAEBA7009CCCEB /* RACDemoUITests.xctest */;
			productType = "com.apple.product-type.bundle.ui-testing";
		};
/* End PBXNativeTarget section */

/* Begin PBXProject section */
		2FF046BE1DDAEBA7009CCCEB /* Project object */ = {
			isa = PBXProject;
			attributes = {
				LastUpgradeCheck = 0730;
				ORGANIZATIONNAME = "贺凯";
				TargetAttributes = {
					2FF046C51DDAEBA7009CCCEB = {
						CreatedOnToolsVersion = 7.3.1;
					};
					2FF046DE1DDAEBA7009CCCEB = {
						CreatedOnToolsVersion = 7.3.1;
						TestTargetID = 2FF046C51DDAEBA7009CCCEB;
					};
					2FF046E91DDAEBA7009CCCEB = {
						CreatedOnToolsVersion = 7.3.1;
						TestTargetID = 2FF046C51DDAEBA7009CCCEB;
					};
				};
			};
			buildConfigurationList = 2FF046C11DDAEBA7009CCCEB /* Build configuration list for PBXProject "RACDemo" */;
			compatibilityVersion = "Xcode 3.2";
			developmentRegion = English;
			hasScannedForEncodings = 0;
			knownRegions = (
				en,
				Base,
			);
			mainGroup = 2FF046BD1DDAEBA7009CCCEB;
			productRefGroup = 2FF046C71DDAEBA7009CCCEB /* Products */;
			projectDirPath = "";
			projectRoot = "";
			targets = (
				2FF046C51DDAEBA7009CCCEB /* RACDemo */,
				2FF046DE1DDAEBA7009CCCEB /* RACDemoTests */,
				2FF046E91DDAEBA7009CCCEB /* RACDemoUITests */,
			);
		};
/* End PBXProject section */

/* Begin PBXResourcesBuildPhase section */
		2FF046C41DDAEBA7009CCCEB /* Resources */ = {
			isa = PBXResourcesBuildPhase;
			buildActionMask = 2147483647;
			files = (
				2FF046D91DDAEBA7009CCCEB /* LaunchScreen.storyboard in Resources */,
				2FF046D61DDAEBA7009CCCEB /* Assets.xcassets in Resources */,
				2FF046D41DDAEBA7009CCCEB /* Main.storyboard in Resources */,
			);
			runOnlyForDeploymentPostprocessing = 0;
		};
		2FF046DD1DDAEBA7009CCCEB /* Resources */ = {
			isa = PBXResourcesBuildPhase;
			buildActionMask = 2147483647;
			files = (
			);
			runOnlyForDeploymentPostprocessing = 0;
		};
		2FF046E81DDAEBA7009CCCEB /* Resources */ = {
			isa = PBXResourcesBuildPhase;
			buildActionMask = 2147483647;
			files = (
			);
			runOnlyForDeploymentPostprocessing = 0;
		};
/* End PBXResourcesBuildPhase section */

/* Begin PBXShellScriptBuildPhase section */
		447727D575CEB20C1016253B /* [CP] Copy Pods Resources */ = {
			isa = PBXShellScriptBuildPhase;
			buildActionMask = 2147483647;
			files = (
			);
			inputPaths = (
			);
			name = "[CP] Copy Pods Resources";
			outputPaths = (
			);
			runOnlyForDeploymentPostprocessing = 0;
			shellPath = /bin/sh;
			shellScript = "\"${SRCROOT}/Pods/Target Support Files/Pods-RACDemo/Pods-RACDemo-resources.sh\"\n";
			showEnvVarsInLog = 0;
		};
		5C2477DC8F3EDD9721A7CAB2 /* [CP] Embed Pods Frameworks */ = {
			isa = PBXShellScriptBuildPhase;
			buildActionMask = 2147483647;
			files = (
			);
			inputPaths = (
			);
			name = "[CP] Embed Pods Frameworks";
			outputPaths = (
			);
			runOnlyForDeploymentPostprocessing = 0;
			shellPath = /bin/sh;
			shellScript = "\"${SRCROOT}/Pods/Target Support Files/Pods-RACDemo/Pods-RACDemo-frameworks.sh\"\n";
			showEnvVarsInLog = 0;
		};
		B1B39BE4A344E99757248348 /* [CP] Check Pods Manifest.lock */ = {
			isa = PBXShellScriptBuildPhase;
			buildActionMask = 2147483647;
			files = (
			);
			inputPaths = (
			);
			name = "[CP] Check Pods Manifest.lock";
			outputPaths = (
			);
			runOnlyForDeploymentPostprocessing = 0;
			shellPath = /bin/sh;
			shellScript = "diff \"${PODS_ROOT}/../Podfile.lock\" \"${PODS_ROOT}/Manifest.lock\" > /dev/null\nif [[ $? != 0 ]] ; then\n    cat << EOM\nerror: The sandbox is not in sync with the Podfile.lock. Run 'pod install' or update your CocoaPods installation.\nEOM\n    exit 1\nfi\n";
			showEnvVarsInLog = 0;
		};
/* End PBXShellScriptBuildPhase section */

/* Begin PBXSourcesBuildPhase section */
		2FF046C21DDAEBA7009CCCEB /* Sources */ = {
			isa = PBXSourcesBuildPhase;
			buildActionMask = 2147483647;
			files = (
				2F43DD411DF95EE40062A3BC /* HKTableView.m in Sources */,
				2FF046D11DDAEBA7009CCCEB /* ViewController.m in Sources */,
				2FF046CE1DDAEBA7009CCCEB /* AppDelegate.m in Sources */,
				2FF046CB1DDAEBA7009CCCEB /* main.m in Sources */,
				2FF046FE1DDC4291009CCCEB /* TwoViewController.m in Sources */,
			);
			runOnlyForDeploymentPostprocessing = 0;
		};
		2FF046DB1DDAEBA7009CCCEB /* Sources */ = {
			isa = PBXSourcesBuildPhase;
			buildActionMask = 2147483647;
			files = (
				2FF046E41DDAEBA7009CCCEB /* RACDemoTests.m in Sources */,
			);
			runOnlyForDeploymentPostprocessing = 0;
		};
		2FF046E61DDAEBA7009CCCEB /* Sources */ = {
			isa = PBXSourcesBuildPhase;
			buildActionMask = 2147483647;
			files = (
				2FF046EF1DDAEBA7009CCCEB /* RACDemoUITests.m in Sources */,
			);
			runOnlyForDeploymentPostprocessing = 0;
		};
/* End PBXSourcesBuildPhase section */

/* Begin PBXTargetDependency section */
		2FF046E11DDAEBA7009CCCEB /* PBXTargetDependency */ = {
			isa = PBXTargetDependency;
			target = 2FF046C51DDAEBA7009CCCEB /* RACDemo */;
			targetProxy = 2FF046E01DDAEBA7009CCCEB /* PBXContainerItemProxy */;
		};
		2FF046EC1DDAEBA7009CCCEB /* PBXTargetDependency */ = {
			isa = PBXTargetDependency;
			target = 2FF046C51DDAEBA7009CCCEB /* RACDemo */;
			targetProxy = 2FF046EB1DDAEBA7009CCCEB /* PBXContainerItemProxy */;
		};
/* End PBXTargetDependency section */

/* Begin PBXVariantGroup section */
		2FF046D21DDAEBA7009CCCEB /* Main.storyboard */ = {
			isa = PBXVariantGroup;
			children = (
				2FF046D31DDAEBA7009CCCEB /* Base */,
			);
			name = Main.storyboard;
			sourceTree = "<group>";
		};
		2FF046D71DDAEBA7009CCCEB /* LaunchScreen.storyboard */ = {
			isa = PBXVariantGroup;
			children = (
				2FF046D81DDAEBA7009CCCEB /* Base */,
			);
			name = LaunchScreen.storyboard;
			sourceTree = "<group>";
		};
/* End PBXVariantGroup section */

/* Begin XCBuildConfiguration section */
		2FF046F11DDAEBA7009CCCEB /* Debug */ = {
			isa = XCBuildConfiguration;
			buildSettings = {
				ALWAYS_SEARCH_USER_PATHS = NO;
				CLANG_ANALYZER_NONNULL = YES;
				CLANG_CXX_LANGUAGE_STANDARD = "gnu++0x";
				CLANG_CXX_LIBRARY = "libc++";
				CLANG_ENABLE_MODULES = YES;
				CLANG_ENABLE_OBJC_ARC = YES;
				CLANG_WARN_BOOL_CONVERSION = YES;
				CLANG_WARN_CONSTANT_CONVERSION = YES;
				CLANG_WARN_DIRECT_OBJC_ISA_USAGE = YES_ERROR;
				CLANG_WARN_EMPTY_BODY = YES;
				CLANG_WARN_ENUM_CONVERSION = YES;
				CLANG_WARN_INT_CONVERSION = YES;
				CLANG_WARN_OBJC_ROOT_CLASS = YES_ERROR;
				CLANG_WARN_UNREACHABLE_CODE = YES;
				CLANG_WARN__DUPLICATE_METHOD_MATCH = YES;
				"CODE_SIGN_IDENTITY[sdk=iphoneos*]" = "iPhone Developer";
				COPY_PHASE_STRIP = NO;
				DEBUG_INFORMATION_FORMAT = dwarf;
				ENABLE_STRICT_OBJC_MSGSEND = YES;
				ENABLE_TESTABILITY = YES;
				GCC_C_LANGUAGE_STANDARD = gnu99;
				GCC_DYNAMIC_NO_PIC = NO;
				GCC_NO_COMMON_BLOCKS = YES;
				GCC_OPTIMIZATION_LEVEL = 0;
				GCC_PREPROCESSOR_DEFINITIONS = (
					"DEBUG=1",
					"$(inherited)",
				);
				GCC_WARN_64_TO_32_BIT_CONVERSION = YES;
				GCC_WARN_ABOUT_RETURN_TYPE = YES_ERROR;
				GCC_WARN_UNDECLARED_SELECTOR = YES;
				GCC_WARN_UNINITIALIZED_AUTOS = YES_AGGRESSIVE;
				GCC_WARN_UNUSED_FUNCTION = YES;
				GCC_WARN_UNUSED_VARIABLE = YES;
				IPHONEOS_DEPLOYMENT_TARGET = 9.3;
				MTL_ENABLE_DEBUG_INFO = YES;
				ONLY_ACTIVE_ARCH = YES;
				SDKROOT = iphoneos;
				TARGETED_DEVICE_FAMILY = "1,2";
			};
			name = Debug;
		};
		2FF046F21DDAEBA7009CCCEB /* Release */ = {
			isa = XCBuildConfiguration;
			buildSettings = {
				ALWAYS_SEARCH_USER_PATHS = NO;
				CLANG_ANALYZER_NONNULL = YES;
				CLANG_CXX_LANGUAGE_STANDARD = "gnu++0x";
				CLANG_CXX_LIBRARY = "libc++";
				CLANG_ENABLE_MODULES = YES;
				CLANG_ENABLE_OBJC_ARC = YES;
				CLANG_WARN_BOOL_CONVERSION = YES;
				CLANG_WARN_CONSTANT_CONVERSION = YES;
				CLANG_WARN_DIRECT_OBJC_ISA_USAGE = YES_ERROR;
				CLANG_WARN_EMPTY_BODY = YES;
				CLANG_WARN_ENUM_CONVERSION = YES;
				CLANG_WARN_INT_CONVERSION = YES;
				CLANG_WARN_OBJC_ROOT_CLASS = YES_ERROR;
				CLANG_WARN_UNREACHABLE_CODE = YES;
				CLANG_WARN__DUPLICATE_METHOD_MATCH = YES;
				"CODE_SIGN_IDENTITY[sdk=iphoneos*]" = "iPhone Developer";
				COPY_PHASE_STRIP = NO;
				DEBUG_INFORMATION_FORMAT = "dwarf-with-dsym";
				ENABLE_NS_ASSERTIONS = NO;
				ENABLE_STRICT_OBJC_MSGSEND = YES;
				GCC_C_LANGUAGE_STANDARD = gnu99;
				GCC_NO_COMMON_BLOCKS = YES;
				GCC_WARN_64_TO_32_BIT_CONVERSION = YES;
				GCC_WARN_ABOUT_RETURN_TYPE = YES_ERROR;
				GCC_WARN_UNDECLARED_SELECTOR = YES;
				GCC_WARN_UNINITIALIZED_AUTOS = YES_AGGRESSIVE;
				GCC_WARN_UNUSED_FUNCTION = YES;
				GCC_WARN_UNUSED_VARIABLE = YES;
				IPHONEOS_DEPLOYMENT_TARGET = 9.3;
				MTL_ENABLE_DEBUG_INFO = NO;
				SDKROOT = iphoneos;
				TARGETED_DEVICE_FAMILY = "1,2";
				VALIDATE_PRODUCT = YES;
			};
			name = Release;
		};
		2FF046F41DDAEBA7009CCCEB /* Debug */ = {
			isa = XCBuildConfiguration;
			baseConfigurationReference = BFAE4FC361482A2E578EBBC8 /* Pods-RACDemo.debug.xcconfig */;
			buildSettings = {
				ASSETCATALOG_COMPILER_APPICON_NAME = AppIcon;
				INFOPLIST_FILE = RACDemo/Info.plist;
				LD_RUNPATH_SEARCH_PATHS = "$(inherited) @executable_path/Frameworks";
				PRODUCT_BUNDLE_IDENTIFIER = hekai.RACDemo;
				PRODUCT_NAME = "$(TARGET_NAME)";
			};
			name = Debug;
		};
		2FF046F51DDAEBA7009CCCEB /* Release */ = {
			isa = XCBuildConfiguration;
			baseConfigurationReference = 728ACFC534205AE29FAC3121 /* Pods-RACDemo.release.xcconfig */;
			buildSettings = {
				ASSETCATALOG_COMPILER_APPICON_NAME = AppIcon;
				INFOPLIST_FILE = RACDemo/Info.plist;
				LD_RUNPATH_SEARCH_PATHS = "$(inherited) @executable_path/Frameworks";
				PRODUCT_BUNDLE_IDENTIFIER = hekai.RACDemo;
				PRODUCT_NAME = "$(TARGET_NAME)";
			};
			name = Release;
		};
		2FF046F71DDAEBA7009CCCEB /* Debug */ = {
			isa = XCBuildConfiguration;
			buildSettings = {
				BUNDLE_LOADER = "$(TEST_HOST)";
				INFOPLIST_FILE = RACDemoTests/Info.plist;
				LD_RUNPATH_SEARCH_PATHS = "$(inherited) @executable_path/Frameworks @loader_path/Frameworks";
				PRODUCT_BUNDLE_IDENTIFIER = hekai.RACDemoTests;
				PRODUCT_NAME = "$(TARGET_NAME)";
				TEST_HOST = "$(BUILT_PRODUCTS_DIR)/RACDemo.app/RACDemo";
			};
			name = Debug;
		};
		2FF046F81DDAEBA7009CCCEB /* Release */ = {
			isa = XCBuildConfiguration;
			buildSettings = {
				BUNDLE_LOADER = "$(TEST_HOST)";
				INFOPLIST_FILE = RACDemoTests/Info.plist;
				LD_RUNPATH_SEARCH_PATHS = "$(inherited) @executable_path/Frameworks @loader_path/Frameworks";
				PRODUCT_BUNDLE_IDENTIFIER = hekai.RACDemoTests;
				PRODUCT_NAME = "$(TARGET_NAME)";
				TEST_HOST = "$(BUILT_PRODUCTS_DIR)/RACDemo.app/RACDemo";
			};
			name = Release;
		};
		2FF046FA1DDAEBA7009CCCEB /* Debug */ = {
			isa = XCBuildConfiguration;
			buildSettings = {
				INFOPLIST_FILE = RACDemoUITests/Info.plist;
				LD_RUNPATH_SEARCH_PATHS = "$(inherited) @executable_path/Frameworks @loader_path/Frameworks";
				PRODUCT_BUNDLE_IDENTIFIER = hekai.RACDemoUITests;
				PRODUCT_NAME = "$(TARGET_NAME)";
				TEST_TARGET_NAME = RACDemo;
			};
			name = Debug;
		};
		2FF046FB1DDAEBA7009CCCEB /* Release */ = {
			isa = XCBuildConfiguration;
			buildSettings = {
				INFOPLIST_FILE = RACDemoUITests/Info.plist;
				LD_RUNPATH_SEARCH_PATHS = "$(inherited) @executable_path/Frameworks @loader_path/Frameworks";
				PRODUCT_BUNDLE_IDENTIFIER = hekai.RACDemoUITests;
				PRODUCT_NAME = "$(TARGET_NAME)";
				TEST_TARGET_NAME = RACDemo;
			};
			name = Release;
		};
/* End XCBuildConfiguration section */

/* Begin XCConfigurationList section */
		2FF046C11DDAEBA7009CCCEB /* Build configuration list for PBXProject "RACDemo" */ = {
			isa = XCConfigurationList;
			buildConfigurations = (
				2FF046F11DDAEBA7009CCCEB /* Debug */,
				2FF046F21DDAEBA7009CCCEB /* Release */,
			);
			defaultConfigurationIsVisible = 0;
			defaultConfigurationName = Release;
		};
		2FF046F31DDAEBA7009CCCEB /* Build configuration list for PBXNativeTarget "RACDemo" */ = {
			isa = XCConfigurationList;
			buildConfigurations = (
				2FF046F41DDAEBA7009CCCEB /* Debug */,
				2FF046F51DDAEBA7009CCCEB /* Release */,
			);
			defaultConfigurationIsVisible = 0;
			defaultConfigurationName = Release;
		};
		2FF046F61DDAEBA7009CCCEB /* Build configuration list for PBXNativeTarget "RACDemoTests" */ = {
			isa = XCConfigurationList;
			buildConfigurations = (
				2FF046F71DDAEBA7009CCCEB /* Debug */,
				2FF046F81DDAEBA7009CCCEB /* Release */,
			);
			defaultConfigurationIsVisible = 0;
			defaultConfigurationName = Release;
		};
		2FF046F91DDAEBA7009CCCEB /* Build configuration list for PBXNativeTarget "RACDemoUITests" */ = {
			isa = XCConfigurationList;
			buildConfigurations = (
				2FF046FA1DDAEBA7009CCCEB /* Debug */,
				2FF046FB1DDAEBA7009CCCEB /* Release */,
			);
			defaultConfigurationIsVisible = 0;
			defaultConfigurationName = Release;
		};
/* End XCConfigurationList section */
	};
	rootObject = 2FF046BE1DDAEBA7009CCCEB /* Project object */;
}
